
Microsoft Visual Studio Solution File, Format Version 12.00
# Visual Studio 15
VisualStudioVersion = 15.0.28010.2041
MinimumVisualStudioVersion = 10.0.40219.1
Project("{FAE04EC0-301F-11D3-BF4B-00C04F79EFBC}") = "ICnumber", "ICnumber.csproj", "{5A4BDB7F-4991-41FF-A4BA-0B1C21D8D896}"
EndProject
Global
	GlobalSection(SolutionConfigurationPlatforms) = preSolution
		Debug|Any CPU = Debug|Any CPU
		Release|Any CPU = Release|Any CPU
	EndGlobalSection
	GlobalSection(ProjectConfigurationPlatforms) = postSolution
		{5A4BDB7F-4991-41FF-A4BA-0B1C21D8D896}.Debug|Any CPU.ActiveCfg = Debug|Any CPU
		{5A4BDB7F-4991-41FF-A4BA-0B1C21D8D896}.Debug|Any CPU.Build.0 = Debug|Any CPU
		{5A4BDB7F-4991-41FF-A4BA-0B1C21D8D896}.Release|Any CPU.ActiveCfg = Release|Any CPU
		{5A4BDB7F-4991-41FF-A4BA-0B1C21D8D896}.Release|Any CPU.Build.0 = Release|Any CPU
	EndGlobalSection
	GlobalSection(SolutionProperties) = preSolution
		HideSolutionNode = FALSE
	EndGlobalSection
	GlobalSection(ExtensibilityGlobals) = postSolution
		SolutionGuid = {58029F31-30AD-4B87-A66D-FA6C7F83A0C4}
	EndGlobalSection
EndGlobal
